
Microsoft Visual Studio Solution File, Format Version 12.00
# Visual Studio Version 16
VisualStudioVersion = 16.0.29409.12
MinimumVisualStudioVersion = 10.0.40219.1
Project("{FAE04EC0-301F-11D3-BF4B-00C04F79EFBC}") = "CalorieCounter.Android", "CalorieCounter.Android\CalorieCounter.Android.csproj", "{77D45ED9-A8F9-4731-B4CA-78331D61A004}"
EndProject
Project("{FAE04EC0-301F-11D3-BF4B-00C04F79EFBC}") = "CalorieCounter.iOS", "CalorieCounter.iOS\CalorieCounter.iOS.csproj", "{83BCEC59-990B-4D3F-A89E-5AEE2E53084C}"
EndProject
Project("{FAE04EC0-301F-11D3-BF4B-00C04F79EFBC}") = "CalorieCounter", "CalorieCounter\CalorieCounter.csproj", "{39E58935-6E7E-440F-915B-18617DDA92E9}"
EndProject
Global
	GlobalSection(SolutionConfigurationPlatforms) = preSolution
		Debug|Any CPU = Debug|Any CPU
		Debug|iPhone = Debug|iPhone
		Debug|iPhoneSimulator = Debug|iPhoneSimulator
		Release|Any CPU = Release|Any CPU
		Release|iPhone = Release|iPhone
		Release|iPhoneSimulator = Release|iPhoneSimulator
	EndGlobalSection
	GlobalSection(ProjectConfigurationPlatforms) = postSolution
		{77D45ED9-A8F9-4731-B4CA-78331D61A004}.Debug|Any CPU.ActiveCfg = Debug|Any CPU
		{77D45ED9-A8F9-4731-B4CA-78331D61A004}.Debug|Any CPU.Build.0 = Debug|Any CPU
		{77D45ED9-A8F9-4731-B4CA-78331D61A004}.Debug|Any CPU.Deploy.0 = Debug|Any CPU
		{77D45ED9-A8F9-4731-B4CA-78331D61A004}.Debug|iPhone.ActiveCfg = Debug|Any CPU
		{77D45ED9-A8F9-4731-B4CA-78331D61A004}.Debug|iPhone.Build.0 = Debug|Any CPU
		{77D45ED9-A8F9-4731-B4CA-78331D61A004}.Debug|iPhone.Deploy.0 = Debug|Any CPU
		{77D45ED9-A8F9-4731-B4CA-78331D61A004}.Debug|iPhoneSimulator.ActiveCfg = Debug|Any CPU
		{77D45ED9-A8F9-4731-B4CA-78331D61A004}.Debug|iPhoneSimulator.Build.0 = Debug|Any CPU
		{77D45ED9-A8F9-4731-B4CA-78331D61A004}.Debug|iPhoneSimulator.Deploy.0 = Debug|Any CPU
		{77D45ED9-A8F9-4731-B4CA-78331D61A004}.Release|Any CPU.ActiveCfg = Release|Any CPU
		{77D45ED9-A8F9-4731-B4CA-78331D61A004}.Release|Any CPU.Build.0 = Release|Any CPU
		{77D45ED9-A8F9-4731-B4CA-78331D61A004}.Release|Any CPU.Deploy.0 = Release|Any CPU
		{77D45ED9-A8F9-4731-B4CA-78331D61A004}.Release|iPhone.ActiveCfg = Release|Any CPU
		{77D45ED9-A8F9-4731-B4CA-78331D61A004}.Release|iPhone.Build.0 = Release|Any CPU
		{77D45ED9-A8F9-4731-B4CA-78331D61A004}.Release|iPhone.Deploy.0 = Release|Any CPU
		{77D45ED9-A8F9-4731-B4CA-78331D61A004}.Release|iPhoneSimulator.ActiveCfg = Release|Any CPU
		{77D45ED9-A8F9-4731-B4CA-78331D61A004}.Release|iPhoneSimulator.Build.0 = Release|Any CPU
		{77D45ED9-A8F9-4731-B4CA-78331D61A004}.Release|iPhoneSimulator.Deploy.0 = Release|Any CPU
		{83BCEC59-990B-4D3F-A89E-5AEE2E53084C}.Debug|Any CPU.ActiveCfg = Debug|iPhoneSimulator
		{83BCEC59-990B-4D3F-A89E-5AEE2E53084C}.Debug|Any CPU.Build.0 = Debug|iPhoneSimulator
		{83BCEC59-990B-4D3F-A89E-5AEE2E53084C}.Debug|Any CPU.Deploy.0 = Debug|iPhoneSimulator
		{83BCEC59-990B-4D3F-A89E-5AEE2E53084C}.Debug|iPhone.ActiveCfg = Debug|iPhone
		{83BCEC59-990B-4D3F-A89E-5AEE2E53084C}.Debug|iPhone.Build.0 = Debug|iPhone
		{83BCEC59-990B-4D3F-A89E-5AEE2E53084C}.Debug|iPhone.Deploy.0 = Debug|iPhone
		{83BCEC59-990B-4D3F-A89E-5AEE2E53084C}.Debug|iPhoneSimulator.ActiveCfg = Debug|iPhoneSimulator
		{83BCEC59-990B-4D3F-A89E-5AEE2E53084C}.Debug|iPhoneSimulator.Build.0 = Debug|iPhoneSimulator
		{83BCEC59-990B-4D3F-A89E-5AEE2E53084C}.Debug|iPhoneSimulator.Deploy.0 = Debug|iPhoneSimulator
		{83BCEC59-990B-4D3F-A89E-5AEE2E53084C}.Release|Any CPU.ActiveCfg = Release|iPhone
		{83BCEC59-990B-4D3F-A89E-5AEE2E53084C}.Release|Any CPU.Build.0 = Release|iPhone
		{83BCEC59-990B-4D3F-A89E-5AEE2E53084C}.Release|Any CPU.Deploy.0 = Release|iPhone
		{83BCEC59-990B-4D3F-A89E-5AEE2E53084C}.Release|iPhone.ActiveCfg = Release|iPhone
		{83BCEC59-990B-4D3F-A89E-5AEE2E53084C}.Release|iPhone.Build.0 = Release|iPhone
		{83BCEC59-990B-4D3F-A89E-5AEE2E53084C}.Release|iPhone.Deploy.0 = Release|iPhone
		{83BCEC59-990B-4D3F-A89E-5AEE2E53084C}.Release|iPhoneSimulator.ActiveCfg = Release|iPhoneSimulator
		{83BCEC59-990B-4D3F-A89E-5AEE2E53084C}.Release|iPhoneSimulator.Build.0 = Release|iPhoneSimulator
		{83BCEC59-990B-4D3F-A89E-5AEE2E53084C}.Release|iPhoneSimulator.Deploy.0 = Release|iPhoneSimulator
		{39E58935-6E7E-440F-915B-18617DDA92E9}.Debug|Any CPU.ActiveCfg = Debug|Any CPU
		{39E58935-6E7E-440F-915B-18617DDA92E9}.Debug|Any CPU.Build.0 = Debug|Any CPU
		{39E58935-6E7E-440F-915B-18617DDA92E9}.Debug|Any CPU.Deploy.0 = Debug|Any CPU
		{39E58935-6E7E-440F-915B-18617DDA92E9}.Debug|iPhone.ActiveCfg = Debug|Any CPU
		{39E58935-6E7E-440F-915B-18617DDA92E9}.Debug|iPhone.Build.0 = Debug|Any CPU
		{39E58935-6E7E-440F-915B-18617DDA92E9}.Debug|iPhone.Deploy.0 = Debug|Any CPU
		{39E58935-6E7E-440F-915B-18617DDA92E9}.Debug|iPhoneSimulator.ActiveCfg = Debug|Any CPU
		{39E58935-6E7E-440F-915B-18617DDA92E9}.Debug|iPhoneSimulator.Build.0 = Debug|Any CPU
		{39E58935-6E7E-440F-915B-18617DDA92E9}.Debug|iPhoneSimulator.Deploy.0 = Debug|Any CPU
		{39E58935-6E7E-440F-915B-18617DDA92E9}.Release|Any CPU.ActiveCfg = Release|Any CPU
		{39E58935-6E7E-440F-915B-18617DDA92E9}.Release|Any CPU.Build.0 = Release|Any CPU
		{39E58935-6E7E-440F-915B-18617DDA92E9}.Release|Any CPU.Deploy.0 = Release|Any CPU
		{39E58935-6E7E-440F-915B-18617DDA92E9}.Release|iPhone.ActiveCfg = Release|Any CPU
		{39E58935-6E7E-440F-915B-18617DDA92E9}.Release|iPhone.Build.0 = Release|Any CPU
		{39E58935-6E7E-440F-915B-18617DDA92E9}.Release|iPhone.Deploy.0 = Release|Any CPU
		{39E58935-6E7E-440F-915B-18617DDA92E9}.Release|iPhoneSimulator.ActiveCfg = Release|Any CPU
		{39E58935-6E7E-440F-915B-18617DDA92E9}.Release|iPhoneSimulator.Build.0 = Release|Any CPU
		{39E58935-6E7E-440F-915B-18617DDA92E9}.Release|iPhoneSimulator.Deploy.0 = Release|Any CPU
	EndGlobalSection
	GlobalSection(SolutionProperties) = preSolution
		HideSolutionNode = FALSE
	EndGlobalSection
	GlobalSection(ExtensibilityGlobals) = postSolution
		SolutionGuid = {6A2FA470-AC31-43D2-A407-07443F3209D3}
	EndGlobalSection
EndGlobal
